
Microsoft Visual Studio Solution File, Format Version 12.00
# Visual Studio 15
VisualStudioVersion = 15.0.27130.2024
MinimumVisualStudioVersion = 10.0.40219.1
Project("{FAE04EC0-301F-11D3-BF4B-00C04F79EFBC}") = "CnF.Domain", "CnF.Domain\CnF.Domain.csproj", "{73AE234E-804B-4EFE-B1CB-1469417E2656}"
EndProject
Project("{FAE04EC0-301F-11D3-BF4B-00C04F79EFBC}") = "CnF.Web", "CnF.Web\CnF.Web.csproj", "{35396C66-2443-4C17-837E-0AA46C63DD15}"
EndProject
Project("{FAE04EC0-301F-11D3-BF4B-00C04F79EFBC}") = "CnF.Core", "CnF.Core\CnF.Core.csproj", "{09304CD1-B537-4921-AF46-1EE8044ED00D}"
EndProject
Global
	GlobalSection(SolutionConfigurationPlatforms) = preSolution
		Debug|Any CPU = Debug|Any CPU
		Release|Any CPU = Release|Any CPU
	EndGlobalSection
	GlobalSection(ProjectConfigurationPlatforms) = postSolution
		{73AE234E-804B-4EFE-B1CB-1469417E2656}.Debug|Any CPU.ActiveCfg = Debug|Any CPU
		{73AE234E-804B-4EFE-B1CB-1469417E2656}.Debug|Any CPU.Build.0 = Debug|Any CPU
		{73AE234E-804B-4EFE-B1CB-1469417E2656}.Release|Any CPU.ActiveCfg = Release|Any CPU
		{73AE234E-804B-4EFE-B1CB-1469417E2656}.Release|Any CPU.Build.0 = Release|Any CPU
		{35396C66-2443-4C17-837E-0AA46C63DD15}.Debug|Any CPU.ActiveCfg = Debug|Any CPU
		{35396C66-2443-4C17-837E-0AA46C63DD15}.Debug|Any CPU.Build.0 = Debug|Any CPU
		{35396C66-2443-4C17-837E-0AA46C63DD15}.Release|Any CPU.ActiveCfg = Release|Any CPU
		{35396C66-2443-4C17-837E-0AA46C63DD15}.Release|Any CPU.Build.0 = Release|Any CPU
		{09304CD1-B537-4921-AF46-1EE8044ED00D}.Debug|Any CPU.ActiveCfg = Debug|Any CPU
		{09304CD1-B537-4921-AF46-1EE8044ED00D}.Debug|Any CPU.Build.0 = Debug|Any CPU
		{09304CD1-B537-4921-AF46-1EE8044ED00D}.Release|Any CPU.ActiveCfg = Release|Any CPU
		{09304CD1-B537-4921-AF46-1EE8044ED00D}.Release|Any CPU.Build.0 = Release|Any CPU
	EndGlobalSection
	GlobalSection(SolutionProperties) = preSolution
		HideSolutionNode = FALSE
	EndGlobalSection
	GlobalSection(ExtensibilityGlobals) = postSolution
		SolutionGuid = {FE77F05C-6034-41AA-A87F-97306551DE81}
	EndGlobalSection
EndGlobal
